
Microsoft Visual Studio Solution File, Format Version 12.00
# Visual Studio Version 16
VisualStudioVersion = 16.0.31005.135
MinimumVisualStudioVersion = 10.0.40219.1
Project("{FAE04EC0-301F-11D3-BF4B-00C04F79EFBC}") = "StarszTDD", "StarszTDD\StarszTDD.csproj", "{67F8A589-01F8-4E84-BF34-2C72CCD9B205}"
EndProject
Project("{FAE04EC0-301F-11D3-BF4B-00C04F79EFBC}") = "StarszTDDTests", "StarszTDDTests\StarszTDDTests.csproj", "{8BF9CD22-EAFF-4377-BF6A-44F8A215ECB3}"
EndProject
Global
	GlobalSection(SolutionConfigurationPlatforms) = preSolution
		Debug|Any CPU = Debug|Any CPU
		Release|Any CPU = Release|Any CPU
	EndGlobalSection
	GlobalSection(ProjectConfigurationPlatforms) = postSolution
		{67F8A589-01F8-4E84-BF34-2C72CCD9B205}.Debug|Any CPU.ActiveCfg = Debug|Any CPU
		{67F8A589-01F8-4E84-BF34-2C72CCD9B205}.Debug|Any CPU.Build.0 = Debug|Any CPU
		{67F8A589-01F8-4E84-BF34-2C72CCD9B205}.Release|Any CPU.ActiveCfg = Release|Any CPU
		{67F8A589-01F8-4E84-BF34-2C72CCD9B205}.Release|Any CPU.Build.0 = Release|Any CPU
		{8BF9CD22-EAFF-4377-BF6A-44F8A215ECB3}.Debug|Any CPU.ActiveCfg = Debug|Any CPU
		{8BF9CD22-EAFF-4377-BF6A-44F8A215ECB3}.Debug|Any CPU.Build.0 = Debug|Any CPU
		{8BF9CD22-EAFF-4377-BF6A-44F8A215ECB3}.Release|Any CPU.ActiveCfg = Release|Any CPU
		{8BF9CD22-EAFF-4377-BF6A-44F8A215ECB3}.Release|Any CPU.Build.0 = Release|Any CPU
	EndGlobalSection
	GlobalSection(SolutionProperties) = preSolution
		HideSolutionNode = FALSE
	EndGlobalSection
	GlobalSection(ExtensibilityGlobals) = postSolution
		SolutionGuid = {0E89F268-22F2-4021-A23A-BB48EF04C5A0}
	EndGlobalSection
EndGlobal
